Microsoft Visual Studio Solution File, Format Version 12.00
# Visual Studio Version 16
VisualStudioVersion = 16.0.30907.101
MinimumVisualStudioVersion = 10.0.40219.1
Project("{FAE04EC0-301F-11D3-BF4B-00C04F79EFBC}") = "ZuneShell", "ZuneShell\ZuneShell.csproj", "{E93CFFA3-1EEB-4E71-9E83-7377C1422119}"
EndProject
Project("{FAE04EC0-301F-11D3-BF4B-00C04F79EFBC}") = "UIX", "UIX\UIX.csproj", "{5681A1BD-B3EC-450B-BF6E-38187204B6BE}"
EndProject
Project("{FAE04EC0-301F-11D3-BF4B-00C04F79EFBC}") = "UIXControls", "UIXControls\UIXControls.csproj", "{56AE007D-B441-4294-8582-D5C63CC1C206}"
EndProject
Project("{9A19103F-16F7-4668-BE54-9A1E7A4F7556}") = "UIXSign", "UIXSign\UIXSign.csproj", "{F0323473-F9B6-4875-93B2-DF657C3F7197}"
EndProject
Global
	GlobalSection(SolutionConfigurationPlatforms) = preSolution
		Debug|Any CPU = Debug|Any CPU
		Debug|x64 = Debug|x64
		Release|Any CPU = Release|Any CPU
		Release|x64 = Release|x64
	EndGlobalSection
	GlobalSection(ProjectConfigurationPlatforms) = postSolution
		{E93CFFA3-1EEB-4E71-9E83-7377C1422119}.Debug|Any CPU.ActiveCfg = Debug|x64
		{E93CFFA3-1EEB-4E71-9E83-7377C1422119}.Debug|Any CPU.Build.0 = Debug|x64
		{E93CFFA3-1EEB-4E71-9E83-7377C1422119}.Debug|x64.ActiveCfg = Debug|x64
		{E93CFFA3-1EEB-4E71-9E83-7377C1422119}.Debug|x64.Build.0 = Debug|x64
		{E93CFFA3-1EEB-4E71-9E83-7377C1422119}.Release|Any CPU.ActiveCfg = Release|Any CPU
		{E93CFFA3-1EEB-4E71-9E83-7377C1422119}.Release|Any CPU.Build.0 = Release|Any CPU
		{E93CFFA3-1EEB-4E71-9E83-7377C1422119}.Release|x64.ActiveCfg = Release|x64
		{E93CFFA3-1EEB-4E71-9E83-7377C1422119}.Release|x64.Build.0 = Release|x64
		{5681A1BD-B3EC-450B-BF6E-38187204B6BE}.Debug|Any CPU.ActiveCfg = Debug|Any CPU
		{5681A1BD-B3EC-450B-BF6E-38187204B6BE}.Debug|Any CPU.Build.0 = Debug|Any CPU
		{5681A1BD-B3EC-450B-BF6E-38187204B6BE}.Debug|x64.ActiveCfg = Debug|x64
		{5681A1BD-B3EC-450B-BF6E-38187204B6BE}.Debug|x64.Build.0 = Debug|x64
		{5681A1BD-B3EC-450B-BF6E-38187204B6BE}.Release|Any CPU.ActiveCfg = Release|Any CPU
		{5681A1BD-B3EC-450B-BF6E-38187204B6BE}.Release|Any CPU.Build.0 = Release|Any CPU
		{5681A1BD-B3EC-450B-BF6E-38187204B6BE}.Release|x64.ActiveCfg = Release|x64
		{5681A1BD-B3EC-450B-BF6E-38187204B6BE}.Release|x64.Build.0 = Release|x64
		{56AE007D-B441-4294-8582-D5C63CC1C206}.Debug|Any CPU.ActiveCfg = Debug|Any CPU
		{56AE007D-B441-4294-8582-D5C63CC1C206}.Debug|Any CPU.Build.0 = Debug|Any CPU
		{56AE007D-B441-4294-8582-D5C63CC1C206}.Debug|x64.ActiveCfg = Debug|x64
		{56AE007D-B441-4294-8582-D5C63CC1C206}.Debug|x64.Build.0 = Debug|x64
		{56AE007D-B441-4294-8582-D5C63CC1C206}.Release|Any CPU.ActiveCfg = Release|Any CPU
		{56AE007D-B441-4294-8582-D5C63CC1C206}.Release|Any CPU.Build.0 = Release|Any CPU
		{56AE007D-B441-4294-8582-D5C63CC1C206}.Release|x64.ActiveCfg = Release|x64
		{56AE007D-B441-4294-8582-D5C63CC1C206}.Release|x64.Build.0 = Release|x64
		{F0323473-F9B6-4875-93B2-DF657C3F7197}.Debug|Any CPU.ActiveCfg = Debug|x86
		{F0323473-F9B6-4875-93B2-DF657C3F7197}.Debug|Any CPU.Build.0 = Debug|x86
		{F0323473-F9B6-4875-93B2-DF657C3F7197}.Debug|x64.ActiveCfg = Debug|x64
		{F0323473-F9B6-4875-93B2-DF657C3F7197}.Debug|x64.Build.0 = Debug|x64
		{F0323473-F9B6-4875-93B2-DF657C3F7197}.Release|Any CPU.ActiveCfg = Release|x86
		{F0323473-F9B6-4875-93B2-DF657C3F7197}.Release|Any CPU.Build.0 = Release|x86
		{F0323473-F9B6-4875-93B2-DF657C3F7197}.Release|x64.ActiveCfg = Release|x64
		{F0323473-F9B6-4875-93B2-DF657C3F7197}.Release|x64.Build.0 = Release|x64
	EndGlobalSection
	GlobalSection(SolutionProperties) = preSolution
		HideSolutionNode = FALSE
	EndGlobalSection
	GlobalSection(ExtensibilityGlobals) = postSolution
		SolutionGuid = {6B948258-B457-4B3D-955E-05ED3F03CF36}
	EndGlobalSection
EndGlobal
