<?xml version="1.0" encoding="utf-8"?>
<Project ToolsVersion="4.0" xmlns="http://schemas.microsoft.com/developer/msbuild/2003">
  <ItemGroup>
    <Filter Include="Source Files">
      <UniqueIdentifier>{4FC737F1-C7A5-4376-A066-2A32D752A2FF}</UniqueIdentifier>
      <Extensions>cpp;c;cc;cxx;c++;cppm;ixx;def;odl;idl;hpj;bat;asm;asmx</Extensions>
    </Filter>
    <Filter Include="Header Files">
      <UniqueIdentifier>{93995380-89BD-4b04-88EB-625FBE52EBFB}</UniqueIdentifier>
      <Extensions>h;hh;hpp;hxx;h++;hm;inl;inc;ipp;xsd</Extensions>
    </Filter>
    <Filter Include="Resource Files">
      <UniqueIdentifier>{67DA6AB6-F800-4c08-8B7A-83BB121AAD01}</UniqueIdentifier>
      <Extensions>rc;ico;cur;bmp;dlg;rc2;rct;bin;rgs;gif;jpg;jpeg;jpe;resx;tiff;tif;png;wav;mfcribbon-ms</Extensions>
    </Filter>
    <Filter Include="Header Files\MicrosoftZunePlayback">
      <UniqueIdentifier>{9be38ff7-595f-464e-a2bf-889c1274244c}</UniqueIdentifier>
    </Filter>
    <Filter Include="Source Files\MicrosoftZunePlayback">
      <UniqueIdentifier>{e79d317f-1416-4b4e-bfd1-105283ff84f1}</UniqueIdentifier>
    </Filter>
    <Filter Include="Source Files\Mock">
      <UniqueIdentifier>{f0d0169a-0f70-4f80-87a4-4473ab1f0940}</UniqueIdentifier>
    </Filter>
    <Filter Include="Header Files\Mock">
      <UniqueIdentifier>{d3be4ac5-c2aa-477f-9bd5-f0c6fe7a9f03}</UniqueIdentifier>
    </Filter>
  </ItemGroup>
  <ItemGroup>
    <ClInclude Include="ZuneDBApi.h">
      <Filter>Header Files</Filter>
    </ClInclude>
    <ClInclude Include="Resource.h">
      <Filter>Header Files</Filter>
    </ClInclude>
    <ClInclude Include="pch.h">
      <Filter>Header Files</Filter>
    </ClInclude>
    <ClInclude Include="PlayerInterop.h">
      <Filter>Header Files\MicrosoftZunePlayback</Filter>
    </ClInclude>
    <ClInclude Include="IMCPlayer.h">
      <Filter>Header Files</Filter>
    </ClInclude>
    <ClInclude Include="IMCTransport.h">
      <Filter>Header Files</Filter>
    </ClInclude>
    <ClInclude Include="zunecore.h">
      <Filter>Header Files</Filter>
    </ClInclude>
    <ClInclude Include="IMCVolumeControl.h">
      <Filter>Header Files</Filter>
    </ClInclude>
    <ClInclude Include="IZuneSpectrumMgr.h">
      <Filter>Header Files</Filter>
    </ClInclude>
    <ClInclude Include="Mock\MockCWmpPlayer.h">
      <Filter>Header Files\Mock</Filter>
    </ClInclude>
    <ClInclude Include="IMCDynamicImage.h">
      <Filter>Header Files</Filter>
    </ClInclude>
    <ClInclude Include="CPlayerInteropEventSink.h">
      <Filter>Header Files</Filter>
    </ClInclude>
  </ItemGroup>
  <ItemGroup>
    <ClCompile Include="ZuneDBApi.cpp">
      <Filter>Source Files</Filter>
    </ClCompile>
    <ClCompile Include="AssemblyInfo.cpp">
      <Filter>Source Files</Filter>
    </ClCompile>
    <ClCompile Include="pch.cpp">
      <Filter>Source Files</Filter>
    </ClCompile>
    <ClCompile Include="PlayerInterop.cpp">
      <Filter>Source Files\MicrosoftZunePlayback</Filter>
    </ClCompile>
    <ClCompile Include="IMCPlayer.cpp">
      <Filter>Source Files</Filter>
    </ClCompile>
    <ClCompile Include="IMCTransport.cpp">
      <Filter>Source Files</Filter>
    </ClCompile>
    <ClCompile Include="zunecore.cpp">
      <Filter>Source Files</Filter>
    </ClCompile>
    <ClCompile Include="IMCVolumeControl.cpp">
      <Filter>Source Files</Filter>
    </ClCompile>
    <ClCompile Include="IZuneSpectrumMgr.cpp">
      <Filter>Source Files</Filter>
    </ClCompile>
    <ClCompile Include="Mock\MockCWmpPlayer.cpp">
      <Filter>Source Files\Mock</Filter>
    </ClCompile>
    <ClCompile Include="IMCDynamicImage.cpp">
      <Filter>Source Files</Filter>
    </ClCompile>
    <ClCompile Include="CPlayerInteropEventSink.cpp">
      <Filter>Source Files</Filter>
    </ClCompile>
  </ItemGroup>
  <ItemGroup>
    <ResourceCompile Include="app.rc">
      <Filter>Resource Files</Filter>
    </ResourceCompile>
  </ItemGroup>
  <ItemGroup>
    <Image Include="app.ico">
      <Filter>Resource Files</Filter>
    </Image>
  </ItemGroup>
</Project>